
Microsoft Visual Studio Solution File, Format Version 12.00
# Visual Studio Version 17
VisualStudioVersion = 17.14.36518.9 d17.14
MinimumVisualStudioVersion = 10.0.40219.1
Project("{FAE04EC0-301F-11D3-BF4B-00C04F79EFBC}") = "17-DirectoryStreamReaderStreamWriterSerializationDeserialization", "17-DirectoryStreamReaderStreamWriterSerializationDeserialization.csproj", "{1BDFE7BF-5845-468D-8368-6B24CBBBD38B}"
EndProject
Global
	GlobalSection(SolutionConfigurationPlatforms) = preSolution
		Debug|Any CPU = Debug|Any CPU
		Release|Any CPU = Release|Any CPU
	EndGlobalSection
	GlobalSection(ProjectConfigurationPlatforms) = postSolution
		{1BDFE7BF-5845-468D-8368-6B24CBBBD38B}.Debug|Any CPU.ActiveCfg = Debug|Any CPU
		{1BDFE7BF-5845-468D-8368-6B24CBBBD38B}.Debug|Any CPU.Build.0 = Debug|Any CPU
		{1BDFE7BF-5845-468D-8368-6B24CBBBD38B}.Release|Any CPU.ActiveCfg = Release|Any CPU
		{1BDFE7BF-5845-468D-8368-6B24CBBBD38B}.Release|Any CPU.Build.0 = Release|Any CPU
	EndGlobalSection
	GlobalSection(SolutionProperties) = preSolution
		HideSolutionNode = FALSE
	EndGlobalSection
	GlobalSection(ExtensibilityGlobals) = postSolution
		SolutionGuid = {94D275A2-EADF-4394-B6F2-0110508B0C8B}
	EndGlobalSection
EndGlobal
