
Microsoft Visual Studio Solution File, Format Version 12.00
# Visual Studio Version 17
VisualStudioVersion = 17.14.36518.9 d17.14
MinimumVisualStudioVersion = 10.0.40219.1
Project("{FAE04EC0-301F-11D3-BF4B-00C04F79EFBC}") = "14-StatiClassExtensionMethodsExceptions", "14-StatiClassExtensionMethodsExceptions.csproj", "{45F6EB08-B750-449E-B3E3-2B0650374400}"
EndProject
Global
	GlobalSection(SolutionConfigurationPlatforms) = preSolution
		Debug|Any CPU = Debug|Any CPU
		Release|Any CPU = Release|Any CPU
	EndGlobalSection
	GlobalSection(ProjectConfigurationPlatforms) = postSolution
		{45F6EB08-B750-449E-B3E3-2B0650374400}.Debug|Any CPU.ActiveCfg = Debug|Any CPU
		{45F6EB08-B750-449E-B3E3-2B0650374400}.Debug|Any CPU.Build.0 = Debug|Any CPU
		{45F6EB08-B750-449E-B3E3-2B0650374400}.Release|Any CPU.ActiveCfg = Release|Any CPU
		{45F6EB08-B750-449E-B3E3-2B0650374400}.Release|Any CPU.Build.0 = Release|Any CPU
	EndGlobalSection
	GlobalSection(SolutionProperties) = preSolution
		HideSolutionNode = FALSE
	EndGlobalSection
	GlobalSection(ExtensibilityGlobals) = postSolution
		SolutionGuid = {EC2340B8-664D-4C56-8497-5A8D754A3038}
	EndGlobalSection
EndGlobal
